{
  "name": "decree-typescript-examples",
  "version": "0.0.0",
  "lockfileVersion": 3,
  "requires": true,
  "packages": {
    "": {
      "name": "decree-typescript-examples",
      "version": "0.0.0",
      "dependencies": {
        "@opendecree/sdk": "file:../"
      }
    },
    "..": {
      "name": "@opendecree/sdk",
      "version": "0.3.0-alpha.1",
      "license": "Apache-2.0",
      "dependencies": {
        "@grpc/grpc-js": "^1.12.0"
      },
      "devDependencies": {
        "@biomejs/biome": "^2.4.13",
        "@vitest/coverage-v8": "^4.1.5",
        "ts-proto": "^2.11.6",
        "typescript": "^6.0.3",
        "vitest": "^4.1.5"
      },
      "engines": {
        "node": ">=20"
      }
    },
    "node_modules/@opendecree/sdk": {
      "resolved": "..",
      "link": true
    }
  }
}
